<?xml version="1.0" encoding="utf-8"?>
<Project ToolsVersion="4.0" xmlns="http://schemas.microsoft.com/developer/msbuild/2003">
  <ItemGroup>
    <Filter Include="Source Files">
      <UniqueIdentifier>{4FC737F1-C7A5-4376-A066-2A32D752A2FF}</UniqueIdentifier>
      <Extensions>cpp;c;cc;cxx;def;odl;idl;hpj;bat;asm;asmx</Extensions>
    </Filter>
    <Filter Include="Window">
      <UniqueIdentifier>{532b752e-e1df-4e28-842a-77a26b4e4063}</UniqueIdentifier>
    </Filter>
    <Filter Include="General">
      <UniqueIdentifier>{48c9e7ef-8d28-476b-94e8-4c19974dea39}</UniqueIdentifier>
    </Filter>
    <Filter Include="DirectX">
      <UniqueIdentifier>{2c7e0a14-6a6a-44c9-9abd-8d706141aa06}</UniqueIdentifier>
    </Filter>
    <Filter Include="DirectX\RenderObject">
      <UniqueIdentifier>{edfc860e-566d-4edb-a1cb-ece9af030bc3}</UniqueIdentifier>
    </Filter>
    <Filter Include="DirectX\Camera">
      <UniqueIdentifier>{73383b0b-95ad-4273-82b6-eef7bbb7ab8c}</UniqueIdentifier>
    </Filter>
    <Filter Include="DirectX\Light">
      <UniqueIdentifier>{21ae9e97-5698-4751-b1cd-aee6768e38c7}</UniqueIdentifier>
    </Filter>
    <Filter Include="Engine">
      <UniqueIdentifier>{79b5f7f9-9653-40df-a2ee-b75acd9ec636}</UniqueIdentifier>
    </Filter>
  </ItemGroup>
  <ItemGroup>
    <ClCompile Include="Code\Engine\Engine.cpp">
      <Filter>Engine</Filter>
    </ClCompile>
    <ClCompile Include="Code\Engine\Scene.cpp">
      <Filter>Engine</Filter>
    </ClCompile>
    <ClCompile Include="Code\Engine\Time.cpp">
      <Filter>Engine</Filter>
    </ClCompile>
    <ClCompile Include="Code\Window\Window.cpp">
      <Filter>Window</Filter>
    </ClCompile>
    <ClCompile Include="Code\Window\WindowClass.cpp">
      <Filter>Window</Filter>
    </ClCompile>
    <ClCompile Include="Code\DirectX\Camera\Camera.cpp">
      <Filter>DirectX\Camera</Filter>
    </ClCompile>
    <ClCompile Include="Code\DirectX\Light\Light.cpp">
      <Filter>DirectX\Light</Filter>
    </ClCompile>
    <ClCompile Include="Code\DirectX\RenderObject\Material.cpp">
      <Filter>DirectX\RenderObject</Filter>
    </ClCompile>
    <ClCompile Include="Code\DirectX\RenderObject\Mesh.cpp">
      <Filter>DirectX\RenderObject</Filter>
    </ClCompile>
    <ClCompile Include="Code\DirectX\RenderObject\RenderObject.cpp">
      <Filter>DirectX\RenderObject</Filter>
    </ClCompile>
    <ClCompile Include="Code\DirectX\RenderObject\Texture.cpp">
      <Filter>DirectX\RenderObject</Filter>
    </ClCompile>
    <ClCompile Include="Code\DirectX\Direct3D.cpp">
      <Filter>DirectX</Filter>
    </ClCompile>
    <ClCompile Include="Code\DirectX\DirectInput.cpp">
      <Filter>DirectX</Filter>
    </ClCompile>
    <ClCompile Include="Code\DirectX\RasterizerStage.cpp">
      <Filter>DirectX</Filter>
    </ClCompile>
    <ClCompile Include="Code\main.cpp">
      <Filter>Source Files</Filter>
    </ClCompile>
  </ItemGroup>
  <ItemGroup>
    <ClInclude Include="Code\General\Defines.h">
      <Filter>General</Filter>
    </ClInclude>
    <ClInclude Include="Code\General\Variables.h">
      <Filter>General</Filter>
    </ClInclude>
    <ClInclude Include="Code\Engine\Engine.h">
      <Filter>Engine</Filter>
    </ClInclude>
    <ClInclude Include="Code\Engine\Scene.h">
      <Filter>Engine</Filter>
    </ClInclude>
    <ClInclude Include="Code\Engine\Time.h">
      <Filter>Engine</Filter>
    </ClInclude>
    <ClInclude Include="Code\Window\Window.h">
      <Filter>Window</Filter>
    </ClInclude>
    <ClInclude Include="Code\Window\WindowClass.h">
      <Filter>Window</Filter>
    </ClInclude>
    <ClInclude Include="Code\DirectX\Camera\Camera.h">
      <Filter>DirectX\Camera</Filter>
    </ClInclude>
    <ClInclude Include="Code\DirectX\Light\Light.h">
      <Filter>DirectX\Light</Filter>
    </ClInclude>
    <ClInclude Include="Code\DirectX\MatrixCB.h">
      <Filter>DirectX</Filter>
    </ClInclude>
    <ClInclude Include="Code\DirectX\RenderObject\Material.h">
      <Filter>DirectX\RenderObject</Filter>
    </ClInclude>
    <ClInclude Include="Code\DirectX\RenderObject\Mesh.h">
      <Filter>DirectX\RenderObject</Filter>
    </ClInclude>
    <ClInclude Include="Code\DirectX\RenderObject\RenderObject.h">
      <Filter>DirectX\RenderObject</Filter>
    </ClInclude>
    <ClInclude Include="Code\DirectX\RenderObject\Texture.h">
      <Filter>DirectX\RenderObject</Filter>
    </ClInclude>
    <ClInclude Include="Code\DirectX\Direct3D.h">
      <Filter>DirectX</Filter>
    </ClInclude>
    <ClInclude Include="Code\DirectX\DirectInput.h">
      <Filter>DirectX</Filter>
    </ClInclude>
    <ClInclude Include="Code\DirectX\RasterizerStage.h">
      <Filter>DirectX</Filter>
    </ClInclude>
  </ItemGroup>
</Project>